
Microsoft Visual Studio Solution File, Format Version 12.00
# Visual Studio Version 17
VisualStudioVersion = 17.2.32516.85
MinimumVisualStudioVersion = 10.0.40219.1
Project("{FAE04EC0-301F-11D3-BF4B-00C04F79EFBC}") = "GoogleOAuth2", "GoogleOAuth2\GoogleOAuth2.csproj", "{199B81CA-204F-402B-80CD-C5F6129B4F69}"
EndProject
Global
	GlobalSection(SolutionConfigurationPlatforms) = preSolution
		Debug|Any CPU = Debug|Any CPU
		Release|Any CPU = Release|Any CPU
	EndGlobalSection
	GlobalSection(ProjectConfigurationPlatforms) = postSolution
		{199B81CA-204F-402B-80CD-C5F6129B4F69}.Debug|Any CPU.ActiveCfg = Debug|Any CPU
		{199B81CA-204F-402B-80CD-C5F6129B4F69}.Debug|Any CPU.Build.0 = Debug|Any CPU
		{199B81CA-204F-402B-80CD-C5F6129B4F69}.Release|Any CPU.ActiveCfg = Release|Any CPU
		{199B81CA-204F-402B-80CD-C5F6129B4F69}.Release|Any CPU.Build.0 = Release|Any CPU
	EndGlobalSection
	GlobalSection(SolutionProperties) = preSolution
		HideSolutionNode = FALSE
	EndGlobalSection
	GlobalSection(ExtensibilityGlobals) = postSolution
		SolutionGuid = {B40A3729-FEF7-40FE-ACAB-0BCF70D41D3F}
	EndGlobalSection
EndGlobal
